// !$*UTF8*$!
{
	archiveVersion = 1;
	classes = {
	};
	objectVersion = 50;
	objects = {

/* Begin PBXBuildFile section */
		4D336D3625DE9FE300D6E13B /* Tests_iOS.swift in Sources */ = {isa = PBXBuildFile; fileRef = 4D336D3525DE9FE300D6E13B /* Tests_iOS.swift */; };
		4D336D4125DE9FE300D6E13B /* Tests_macOS.swift in Sources */ = {isa = PBXBuildFile; fileRef = 4D336D4025DE9FE300D6E13B /* Tests_macOS.swift */; };
		4D336D4325DE9FE300D6E13B /* Deadlock_Club.xcdatamodeld in Sources */ = {isa = PBXBuildFile; fileRef = 4D336D1725DE9FE300D6E13B /* Deadlock_Club.xcdatamodeld */; };
		4D336D4425DE9FE300D6E13B /* Deadlock_Club.xcdatamodeld in Sources */ = {isa = PBXBuildFile; fileRef = 4D336D1725DE9FE300D6E13B /* Deadlock_Club.xcdatamodeld */; };
		4D336D4525DE9FE300D6E13B /* Deadlock_ClubApp.swift in Sources */ = {isa = PBXBuildFile; fileRef = 4D336D1925DE9FE300D6E13B /* Deadlock_ClubApp.swift */; };
		4D336D4625DE9FE300D6E13B /* Deadlock_ClubApp.swift in Sources */ = {isa = PBXBuildFile; fileRef = 4D336D1925DE9FE300D6E13B /* Deadlock_ClubApp.swift */; };
		4D336D4725DE9FE300D6E13B /* ContentView.swift in Sources */ = {isa = PBXBuildFile; fileRef = 4D336D1A25DE9FE300D6E13B /* ContentView.swift */; };
		4D336D4825DE9FE300D6E13B /* ContentView.swift in Sources */ = {isa = PBXBuildFile; fileRef = 4D336D1A25DE9FE300D6E13B /* ContentView.swift */; };
		4D336D4925DE9FE300D6E13B /* Persistence.swift in Sources */ = {isa = PBXBuildFile; fileRef = 4D336D1B25DE9FE300D6E13B /* Persistence.swift */; };
		4D336D4A25DE9FE300D6E13B /* Persistence.swift in Sources */ = {isa = PBXBuildFile; fileRef = 4D336D1B25DE9FE300D6E13B /* Persistence.swift */; };
		4D336D4B25DE9FE300D6E13B /* Assets.xcassets in Resources */ = {isa = PBXBuildFile; fileRef = 4D336D1C25DE9FE300D6E13B /* Assets.xcassets */; };
		4D336D4C25DE9FE300D6E13B /* Assets.xcassets in Resources */ = {isa = PBXBuildFile; fileRef = 4D336D1C25DE9FE300D6E13B /* Assets.xcassets */; };
/* End PBXBuildFile section */

/* Begin PBXContainerItemProxy section */
		4D336D3225DE9FE300D6E13B /* PBXContainerItemProxy */ = {
			isa = PBXContainerItemProxy;
			containerPortal = 4D336D1225DE9FE300D6E13B /* Project object */;
			proxyType = 1;
			remoteGlobalIDString = 4D336D2025DE9FE300D6E13B;
			remoteInfo = "Deadlock Club (iOS)";
		};
		4D336D3D25DE9FE300D6E13B /* PBXContainerItemProxy */ = {
			isa = PBXContainerItemProxy;
			containerPortal = 4D336D1225DE9FE300D6E13B /* Project object */;
			proxyType = 1;
			remoteGlobalIDString = 4D336D2825DE9FE300D6E13B;
			remoteInfo = "Deadlock Club (macOS)";
		};
/* End PBXContainerItemProxy section */

/* Begin PBXFileReference section */
		4D336D1825DE9FE300D6E13B /* Shared.xcdatamodel */ = {isa = PBXFileReference; lastKnownFileType = wrapper.xcdatamodel; path = Shared.xcdatamodel; sourceTree = "<group>"; };
		4D336D1925DE9FE300D6E13B /* Deadlock_ClubApp.swift */ = {isa = PBXFileReference; lastKnownFileType = sourcecode.swift; path = Deadlock_ClubApp.swift; sourceTree = "<group>"; };
		4D336D1A25DE9FE300D6E13B /* ContentView.swift */ = {isa = PBXFileReference; lastKnownFileType = sourcecode.swift; path = ContentView.swift; sourceTree = "<group>"; };
		4D336D1B25DE9FE300D6E13B /* Persistence.swift */ = {isa = PBXFileReference; lastKnownFileType = sourcecode.swift; path = Persistence.swift; sourceTree = "<group>"; };
		4D336D1C25DE9FE300D6E13B /* Assets.xcassets */ = {isa = PBXFileReference; lastKnownFileType = folder.assetcatalog; path = Assets.xcassets; sourceTree = "<group>"; };
		4D336D2125DE9FE300D6E13B /* Deadlock Club.app */ = {isa = PBXFileReference; explicitFileType = wrapper.application; includeInIndex = 0; path = "Deadlock Club.app"; sourceTree = BUILT_PRODUCTS_DIR; };
		4D336D2425DE9FE300D6E13B /* Info.plist */ = {isa = PBXFileReference; lastKnownFileType = text.plist.xml; path = Info.plist; sourceTree = "<group>"; };
		4D336D2925DE9FE300D6E13B /* Deadlock Club.app */ = {isa = PBXFileReference; explicitFileType = wrapper.application; includeInIndex = 0; path = "Deadlock Club.app"; sourceTree = BUILT_PRODUCTS_DIR; };
		4D336D2B25DE9FE300D6E13B /* Info.plist */ = {isa = PBXFileReference; lastKnownFileType = text.plist.xml; path = Info.plist; sourceTree = "<group>"; };
		4D336D2C25DE9FE300D6E13B /* macOS.entitlements */ = {isa = PBXFileReference; lastKnownFileType = text.plist.entitlements; path = macOS.entitlements; sourceTree = "<group>"; };
		4D336D3125DE9FE300D6E13B /* Tests iOS.xctest */ = {isa = PBXFileReference; explicitFileType = wrapper.cfbundle; includeInIndex = 0; path = "Tests iOS.xctest"; sourceTree = BUILT_PRODUCTS_DIR; };
		4D336D3525DE9FE300D6E13B /* Tests_iOS.swift */ = {isa = PBXFileReference; lastKnownFileType = sourcecode.swift; path = Tests_iOS.swift; sourceTree = "<group>"; };
		4D336D3725DE9FE300D6E13B /* Info.plist */ = {isa = PBXFileReference; lastKnownFileType = text.plist.xml; path = Info.plist; sourceTree = "<group>"; };
		4D336D3C25DE9FE300D6E13B /* Tests macOS.xctest */ = {isa = PBXFileReference; explicitFileType = wrapper.cfbundle; includeInIndex = 0; path = "Tests macOS.xctest"; sourceTree = BUILT_PRODUCTS_DIR; };
		4D336D4025DE9FE300D6E13B /* Tests_macOS.swift */ = {isa = PBXFileReference; lastKnownFileType = sourcecode.swift; path = Tests_macOS.swift; sourceTree = "<group>"; };
		4D336D4225DE9FE300D6E13B /* Info.plist */ = {isa = PBXFileReference; lastKnownFileType = text.plist.xml; path = Info.plist; sourceTree = "<group>"; };
/* End PBXFileReference section */

/* Begin PBXFrameworksBuildPhase section */
		4D336D1E25DE9FE300D6E13B /* Frameworks */ = {
			isa = PBXFrameworksBuildPhase;
			buildActionMask = 2147483647;
			files = (
			);
			runOnlyForDeploymentPostprocessing = 0;
		};
		4D336D2625DE9FE300D6E13B /* Frameworks */ = {
			isa = PBXFrameworksBuildPhase;
			buildActionMask = 2147483647;
			files = (
			);
			runOnlyForDeploymentPostprocessing = 0;
		};
		4D336D2E25DE9FE300D6E13B /* Frameworks */ = {
			isa = PBXFrameworksBuildPhase;
			buildActionMask = 2147483647;
			files = (
			);
			runOnlyForDeploymentPostprocessing = 0;
		};
		4D336D3925DE9FE300D6E13B /* Frameworks */ = {
			isa = PBXFrameworksBuildPhase;
			buildActionMask = 2147483647;
			files = (
			);
			runOnlyForDeploymentPostprocessing = 0;
		};
/* End PBXFrameworksBuildPhase section */

/* Begin PBXGroup section */
		4D336D1125DE9FE200D6E13B = {
			isa = PBXGroup;
			children = (
				4D336D1625DE9FE300D6E13B /* Shared */,
				4D336D2325DE9FE300D6E13B /* iOS */,
				4D336D2A25DE9FE300D6E13B /* macOS */,
				4D336D3425DE9FE300D6E13B /* Tests iOS */,
				4D336D3F25DE9FE300D6E13B /* Tests macOS */,
				4D336D2225DE9FE300D6E13B /* Products */,
			);
			sourceTree = "<group>";
		};
		4D336D1625DE9FE300D6E13B /* Shared */ = {
			isa = PBXGroup;
			children = (
				4D336D1925DE9FE300D6E13B /* Deadlock_ClubApp.swift */,
				4D336D1A25DE9FE300D6E13B /* ContentView.swift */,
				4D336D1B25DE9FE300D6E13B /* Persistence.swift */,
				4D336D1C25DE9FE300D6E13B /* Assets.xcassets */,
				4D336D1725DE9FE300D6E13B /* Deadlock_Club.xcdatamodeld */,
			);
			path = Shared;
			sourceTree = "<group>";
		};
		4D336D2225DE9FE300D6E13B /* Products */ = {
			isa = PBXGroup;
			children = (
				4D336D2125DE9FE300D6E13B /* Deadlock Club.app */,
				4D336D2925DE9FE300D6E13B /* Deadlock Club.app */,
				4D336D3125DE9FE300D6E13B /* Tests iOS.xctest */,
				4D336D3C25DE9FE300D6E13B /* Tests macOS.xctest */,
			);
			name = Products;
			sourceTree = "<group>";
		};
		4D336D2325DE9FE300D6E13B /* iOS */ = {
			isa = PBXGroup;
			children = (
				4D336D2425DE9FE300D6E13B /* Info.plist */,
			);
			path = iOS;
			sourceTree = "<group>";
		};
		4D336D2A25DE9FE300D6E13B /* macOS */ = {
			isa = PBXGroup;
			children = (
				4D336D2B25DE9FE300D6E13B /* Info.plist */,
				4D336D2C25DE9FE300D6E13B /* macOS.entitlements */,
			);
			path = macOS;
			sourceTree = "<group>";
		};
		4D336D3425DE9FE300D6E13B /* Tests iOS */ = {
			isa = PBXGroup;
			children = (
				4D336D3525DE9FE300D6E13B /* Tests_iOS.swift */,
				4D336D3725DE9FE300D6E13B /* Info.plist */,
			);
			path = "Tests iOS";
			sourceTree = "<group>";
		};
		4D336D3F25DE9FE300D6E13B /* Tests macOS */ = {
			isa = PBXGroup;
			children = (
				4D336D4025DE9FE300D6E13B /* Tests_macOS.swift */,
				4D336D4225DE9FE300D6E13B /* Info.plist */,
			);
			path = "Tests macOS";
			sourceTree = "<group>";
		};
/* End PBXGroup section */

/* Begin PBXNativeTarget section */
		4D336D2025DE9FE300D6E13B /* Deadlock Club (iOS) */ = {
			isa = PBXNativeTarget;
			buildConfigurationList = 4D336D4F25DE9FE300D6E13B /* Build configuration list for PBXNativeTarget "Deadlock Club (iOS)" */;
			buildPhases = (
				4D336D1D25DE9FE300D6E13B /* Sources */,
				4D336D1E25DE9FE300D6E13B /* Frameworks */,
				4D336D1F25DE9FE300D6E13B /* Resources */,
			);
			buildRules = (
			);
			dependencies = (
			);
			name = "Deadlock Club (iOS)";
			productName = "Deadlock Club (iOS)";
			productReference = 4D336D2125DE9FE300D6E13B /* Deadlock Club.app */;
			productType = "com.apple.product-type.application";
		};
		4D336D2825DE9FE300D6E13B /* Deadlock Club (macOS) */ = {
			isa = PBXNativeTarget;
			buildConfigurationList = 4D336D5225DE9FE300D6E13B /* Build configuration list for PBXNativeTarget "Deadlock Club (macOS)" */;
			buildPhases = (
				4D336D2525DE9FE300D6E13B /* Sources */,
				4D336D2625DE9FE300D6E13B /* Frameworks */,
				4D336D2725DE9FE300D6E13B /* Resources */,
			);
			buildRules = (
			);
			dependencies = (
			);
			name = "Deadlock Club (macOS)";
			productName = "Deadlock Club (macOS)";
			productReference = 4D336D2925DE9FE300D6E13B /* Deadlock Club.app */;
			productType = "com.apple.product-type.application";
		};
		4D336D3025DE9FE300D6E13B /* Tests iOS */ = {
			isa = PBXNativeTarget;
			buildConfigurationList = 4D336D5525DE9FE300D6E13B /* Build configuration list for PBXNativeTarget "Tests iOS" */;
			buildPhases = (
				4D336D2D25DE9FE300D6E13B /* Sources */,
				4D336D2E25DE9FE300D6E13B /* Frameworks */,
				4D336D2F25DE9FE300D6E13B /* Resources */,
			);
			buildRules = (
			);
			dependencies = (
				4D336D3325DE9FE300D6E13B /* PBXTargetDependency */,
			);
			name = "Tests iOS";
			productName = "Tests iOS";
			productReference = 4D336D3125DE9FE300D6E13B /* Tests iOS.xctest */;
			productType = "com.apple.product-type.bundle.ui-testing";
		};
		4D336D3B25DE9FE300D6E13B /* Tests macOS */ = {
			isa = PBXNativeTarget;
			buildConfigurationList = 4D336D5825DE9FE300D6E13B /* Build configuration list for PBXNativeTarget "Tests macOS" */;
			buildPhases = (
				4D336D3825DE9FE300D6E13B /* Sources */,
				4D336D3925DE9FE300D6E13B /* Frameworks */,
				4D336D3A25DE9FE300D6E13B /* Resources */,
			);
			buildRules = (
			);
			dependencies = (
				4D336D3E25DE9FE300D6E13B /* PBXTargetDependency */,
			);
			name = "Tests macOS";
			productName = "Tests macOS";
			productReference = 4D336D3C25DE9FE300D6E13B /* Tests macOS.xctest */;
			productType = "com.apple.product-type.bundle.ui-testing";
		};
/* End PBXNativeTarget section */

/* Begin PBXProject section */
		4D336D1225DE9FE300D6E13B /* Project object */ = {
			isa = PBXProject;
			attributes = {
				LastSwiftUpdateCheck = 1240;
				LastUpgradeCheck = 1240;
				TargetAttributes = {
					4D336D2025DE9FE300D6E13B = {
						CreatedOnToolsVersion = 12.4;
					};
					4D336D2825DE9FE300D6E13B = {
						CreatedOnToolsVersion = 12.4;
					};
					4D336D3025DE9FE300D6E13B = {
						CreatedOnToolsVersion = 12.4;
						TestTargetID = 4D336D2025DE9FE300D6E13B;
					};
					4D336D3B25DE9FE300D6E13B = {
						CreatedOnToolsVersion = 12.4;
						TestTargetID = 4D336D2825DE9FE300D6E13B;
					};
				};
			};
			buildConfigurationList = 4D336D1525DE9FE300D6E13B /* Build configuration list for PBXProject "Deadlock Club" */;
			compatibilityVersion = "Xcode 9.3";
			developmentRegion = en;
			hasScannedForEncodings = 0;
			knownRegions = (
				en,
				Base,
			);
			mainGroup = 4D336D1125DE9FE200D6E13B;
			productRefGroup = 4D336D2225DE9FE300D6E13B /* Products */;
			projectDirPath = "";
			projectRoot = "";
			targets = (
				4D336D2025DE9FE300D6E13B /* Deadlock Club (iOS) */,
				4D336D2825DE9FE300D6E13B /* Deadlock Club (macOS) */,
				4D336D3025DE9FE300D6E13B /* Tests iOS */,
				4D336D3B25DE9FE300D6E13B /* Tests macOS */,
			);
		};
/* End PBXProject section */

/* Begin PBXResourcesBuildPhase section */
		4D336D1F25DE9FE300D6E13B /* Resources */ = {
			isa = PBXResourcesBuildPhase;
			buildActionMask = 2147483647;
			files = (
				4D336D4B25DE9FE300D6E13B /* Assets.xcassets in Resources */,
			);
			runOnlyForDeploymentPostprocessing = 0;
		};
		4D336D2725DE9FE300D6E13B /* Resources */ = {
			isa = PBXResourcesBuildPhase;
			buildActionMask = 2147483647;
			files = (
				4D336D4C25DE9FE300D6E13B /* Assets.xcassets in Resources */,
			);
			runOnlyForDeploymentPostprocessing = 0;
		};
		4D336D2F25DE9FE300D6E13B /* Resources */ = {
			isa = PBXResourcesBuildPhase;
			buildActionMask = 2147483647;
			files = (
			);
			runOnlyForDeploymentPostprocessing = 0;
		};
		4D336D3A25DE9FE300D6E13B /* Resources */ = {
			isa = PBXResourcesBuildPhase;
			buildActionMask = 2147483647;
			files = (
			);
			runOnlyForDeploymentPostprocessing = 0;
		};
/* End PBXResourcesBuildPhase section */

/* Begin PBXSourcesBuildPhase section */
		4D336D1D25DE9FE300D6E13B /* Sources */ = {
			isa = PBXSourcesBuildPhase;
			buildActionMask = 2147483647;
			files = (
				4D336D4525DE9FE300D6E13B /* Deadlock_ClubApp.swift in Sources */,
				4D336D4925DE9FE300D6E13B /* Persistence.swift in Sources */,
				4D336D4325DE9FE300D6E13B /* Deadlock_Club.xcdatamodeld in Sources */,
				4D336D4725DE9FE300D6E13B /* ContentView.swift in Sources */,
			);
			runOnlyForDeploymentPostprocessing = 0;
		};
		4D336D2525DE9FE300D6E13B /* Sources */ = {
			isa = PBXSourcesBuildPhase;
			buildActionMask = 2147483647;
			files = (
				4D336D4625DE9FE300D6E13B /* Deadlock_ClubApp.swift in Sources */,
				4D336D4A25DE9FE300D6E13B /* Persistence.swift in Sources */,
				4D336D4425DE9FE300D6E13B /* Deadlock_Club.xcdatamodeld in Sources */,
				4D336D4825DE9FE300D6E13B /* ContentView.swift in Sources */,
			);
			runOnlyForDeploymentPostprocessing = 0;
		};
		4D336D2D25DE9FE300D6E13B /* Sources */ = {
			isa = PBXSourcesBuildPhase;
			buildActionMask = 2147483647;
			files = (
				4D336D3625DE9FE300D6E13B /* Tests_iOS.swift in Sources */,
			);
			runOnlyForDeploymentPostprocessing = 0;
		};
		4D336D3825DE9FE300D6E13B /* Sources */ = {
			isa = PBXSourcesBuildPhase;
			buildActionMask = 2147483647;
			files = (
				4D336D4125DE9FE300D6E13B /* Tests_macOS.swift in Sources */,
			);
			runOnlyForDeploymentPostprocessing = 0;
		};
/* End PBXSourcesBuildPhase section */

/* Begin PBXTargetDependency section */
		4D336D3325DE9FE300D6E13B /* PBXTargetDependency */ = {
			isa = PBXTargetDependency;
			target = 4D336D2025DE9FE300D6E13B /* Deadlock Club (iOS) */;
			targetProxy = 4D336D3225DE9FE300D6E13B /* PBXContainerItemProxy */;
		};
		4D336D3E25DE9FE300D6E13B /* PBXTargetDependency */ = {
			isa = PBXTargetDependency;
			target = 4D336D2825DE9FE300D6E13B /* Deadlock Club (macOS) */;
			targetProxy = 4D336D3D25DE9FE300D6E13B /* PBXContainerItemProxy */;
		};
/* End PBXTargetDependency section */

/* Begin XCBuildConfiguration section */
		4D336D4D25DE9FE300D6E13B /* Debug */ = {
			isa = XCBuildConfiguration;
			buildSettings = {
				ALWAYS_SEARCH_USER_PATHS = NO;
				CLANG_ANALYZER_NONNULL = YES;
				CLANG_ANALYZER_NUMBER_OBJECT_CONVERSION = YES_AGGRESSIVE;
				CLANG_CXX_LANGUAGE_STANDARD = "gnu++14";
				CLANG_CXX_LIBRARY = "libc++";
				CLANG_ENABLE_MODULES = YES;
				CLANG_ENABLE_OBJC_ARC = YES;
				CLANG_ENABLE_OBJC_WEAK = YES;
				CLANG_WARN_BLOCK_CAPTURE_AUTORELEASING = YES;
				CLANG_WARN_BOOL_CONVERSION = YES;
				CLANG_WARN_COMMA = YES;
				CLANG_WARN_CONSTANT_CONVERSION = YES;
				CLANG_WARN_DEPRECATED_OBJC_IMPLEMENTATIONS = YES;
				CLANG_WARN_DIRECT_OBJC_ISA_USAGE = YES_ERROR;
				CLANG_WARN_DOCUMENTATION_COMMENTS = YES;
				CLANG_WARN_EMPTY_BODY = YES;
				CLANG_WARN_ENUM_CONVERSION = YES;
				CLANG_WARN_INFINITE_RECURSION = YES;
				CLANG_WARN_INT_CONVERSION = YES;
				CLANG_WARN_NON_LITERAL_NULL_CONVERSION = YES;
				CLANG_WARN_OBJC_IMPLICIT_RETAIN_SELF = YES;
				CLANG_WARN_OBJC_LITERAL_CONVERSION = YES;
				CLANG_WARN_OBJC_ROOT_CLASS = YES_ERROR;
				CLANG_WARN_QUOTED_INCLUDE_IN_FRAMEWORK_HEADER = YES;
				CLANG_WARN_RANGE_LOOP_ANALYSIS = YES;
				CLANG_WARN_STRICT_PROTOTYPES = YES;
				CLANG_WARN_SUSPICIOUS_MOVE = YES;
				CLANG_WARN_UNGUARDED_AVAILABILITY = YES_AGGRESSIVE;
				CLANG_WARN_UNREACHABLE_CODE = YES;
				CLANG_WARN__DUPLICATE_METHOD_MATCH = YES;
				COPY_PHASE_STRIP = NO;
				DEBUG_INFORMATION_FORMAT = dwarf;
				ENABLE_STRICT_OBJC_MSGSEND = YES;
				ENABLE_TESTABILITY = YES;
				GCC_C_LANGUAGE_STANDARD = gnu11;
				GCC_DYNAMIC_NO_PIC = NO;
				GCC_NO_COMMON_BLOCKS = YES;
				GCC_OPTIMIZATION_LEVEL = 0;
				GCC_PREPROCESSOR_DEFINITIONS = (
					"DEBUG=1",
					"$(inherited)",
				);
				GCC_WARN_64_TO_32_BIT_CONVERSION = YES;
				GCC_WARN_ABOUT_RETURN_TYPE = YES_ERROR;
				GCC_WARN_UNDECLARED_SELECTOR = YES;
				GCC_WARN_UNINITIALIZED_AUTOS = YES_AGGRESSIVE;
				GCC_WARN_UNUSED_FUNCTION = YES;
				GCC_WARN_UNUSED_VARIABLE = YES;
				MTL_ENABLE_DEBUG_INFO = INCLUDE_SOURCE;
				MTL_FAST_MATH = YES;
				ONLY_ACTIVE_ARCH = YES;
				SWIFT_ACTIVE_COMPILATION_CONDITIONS = DEBUG;
				SWIFT_OPTIMIZATION_LEVEL = "-Onone";
			};
			name = Debug;
		};
		4D336D4E25DE9FE300D6E13B /* Release */ = {
			isa = XCBuildConfiguration;
			buildSettings = {
				ALWAYS_SEARCH_USER_PATHS = NO;
				CLANG_ANALYZER_NONNULL = YES;
				CLANG_ANALYZER_NUMBER_OBJECT_CONVERSION = YES_AGGRESSIVE;
				CLANG_CXX_LANGUAGE_STANDARD = "gnu++14";
				CLANG_CXX_LIBRARY = "libc++";
				CLANG_ENABLE_MODULES = YES;
				CLANG_ENABLE_OBJC_ARC = YES;
				CLANG_ENABLE_OBJC_WEAK = YES;
				CLANG_WARN_BLOCK_CAPTURE_AUTORELEASING = YES;
				CLANG_WARN_BOOL_CONVERSION = YES;
				CLANG_WARN_COMMA = YES;
				CLANG_WARN_CONSTANT_CONVERSION = YES;
				CLANG_WARN_DEPRECATED_OBJC_IMPLEMENTATIONS = YES;
				CLANG_WARN_DIRECT_OBJC_ISA_USAGE = YES_ERROR;
				CLANG_WARN_DOCUMENTATION_COMMENTS = YES;
				CLANG_WARN_EMPTY_BODY = YES;
				CLANG_WARN_ENUM_CONVERSION = YES;
				CLANG_WARN_INFINITE_RECURSION = YES;
				CLANG_WARN_INT_CONVERSION = YES;
				CLANG_WARN_NON_LITERAL_NULL_CONVERSION = YES;
				CLANG_WARN_OBJC_IMPLICIT_RETAIN_SELF = YES;
				CLANG_WARN_OBJC_LITERAL_CONVERSION = YES;
				CLANG_WARN_OBJC_ROOT_CLASS = YES_ERROR;
				CLANG_WARN_QUOTED_INCLUDE_IN_FRAMEWORK_HEADER = YES;
				CLANG_WARN_RANGE_LOOP_ANALYSIS = YES;
				CLANG_WARN_STRICT_PROTOTYPES = YES;
				CLANG_WARN_SUSPICIOUS_MOVE = YES;
				CLANG_WARN_UNGUARDED_AVAILABILITY = YES_AGGRESSIVE;
				CLANG_WARN_UNREACHABLE_CODE = YES;
				CLANG_WARN__DUPLICATE_METHOD_MATCH = YES;
				COPY_PHASE_STRIP = NO;
				DEBUG_INFORMATION_FORMAT = "dwarf-with-dsym";
				ENABLE_NS_ASSERTIONS = NO;
				ENABLE_STRICT_OBJC_MSGSEND = YES;
				GCC_C_LANGUAGE_STANDARD = gnu11;
				GCC_NO_COMMON_BLOCKS = YES;
				GCC_WARN_64_TO_32_BIT_CONVERSION = YES;
				GCC_WARN_ABOUT_RETURN_TYPE = YES_ERROR;
				GCC_WARN_UNDECLARED_SELECTOR = YES;
				GCC_WARN_UNINITIALIZED_AUTOS = YES_AGGRESSIVE;
				GCC_WARN_UNUSED_FUNCTION = YES;
				GCC_WARN_UNUSED_VARIABLE = YES;
				MTL_ENABLE_DEBUG_INFO = NO;
				MTL_FAST_MATH = YES;
				SWIFT_COMPILATION_MODE = wholemodule;
				SWIFT_OPTIMIZATION_LEVEL = "-O";
			};
			name = Release;
		};
		4D336D5025DE9FE300D6E13B /* Debug */ = {
			isa = XCBuildConfiguration;
			buildSettings = {
				ASSETCATALOG_COMPILER_APPICON_NAME = AppIcon;
				ASSETCATALOG_COMPILER_GLOBAL_ACCENT_COLOR_NAME = AccentColor;
				CODE_SIGN_STYLE = Automatic;
				CURRENT_PROJECT_VERSION = 2021.02.18;
				ENABLE_PREVIEWS = YES;
				INFOPLIST_FILE = iOS/Info.plist;
				IPHONEOS_DEPLOYMENT_TARGET = 14.0;
				LD_RUNPATH_SEARCH_PATHS = (
					"$(inherited)",
					"@executable_path/Frameworks",
				);
				MARKETING_VERSION = 0.0.1;
				PRODUCT_BUNDLE_IDENTIFIER = "io.roughgears.Deadlock-Club";
				PRODUCT_NAME = "Deadlock Club";
				SDKROOT = iphoneos;
				SWIFT_VERSION = 5.0;
				TARGETED_DEVICE_FAMILY = "1,2";
			};
			name = Debug;
		};
		4D336D5125DE9FE300D6E13B /* Release */ = {
			isa = XCBuildConfiguration;
			buildSettings = {
				ASSETCATALOG_COMPILER_APPICON_NAME = AppIcon;
				ASSETCATALOG_COMPILER_GLOBAL_ACCENT_COLOR_NAME = AccentColor;
				CODE_SIGN_STYLE = Automatic;
				CURRENT_PROJECT_VERSION = 2021.02.18;
				ENABLE_PREVIEWS = YES;
				INFOPLIST_FILE = iOS/Info.plist;
				IPHONEOS_DEPLOYMENT_TARGET = 14.0;
				LD_RUNPATH_SEARCH_PATHS = (
					"$(inherited)",
					"@executable_path/Frameworks",
				);
				MARKETING_VERSION = 0.0.1;
				PRODUCT_BUNDLE_IDENTIFIER = "io.roughgears.Deadlock-Club";
				PRODUCT_NAME = "Deadlock Club";
				SDKROOT = iphoneos;
				SWIFT_VERSION = 5.0;
				TARGETED_DEVICE_FAMILY = "1,2";
				VALIDATE_PRODUCT = YES;
			};
			name = Release;
		};
		4D336D5325DE9FE300D6E13B /* Debug */ = {
			isa = XCBuildConfiguration;
			buildSettings = {
				ASSETCATALOG_COMPILER_APPICON_NAME = AppIcon;
				ASSETCATALOG_COMPILER_GLOBAL_ACCENT_COLOR_NAME = AccentColor;
				CODE_SIGN_ENTITLEMENTS = macOS/macOS.entitlements;
				CODE_SIGN_STYLE = Automatic;
				COMBINE_HIDPI_IMAGES = YES;
				ENABLE_PREVIEWS = YES;
				INFOPLIST_FILE = macOS/Info.plist;
				LD_RUNPATH_SEARCH_PATHS = (
					"$(inherited)",
					"@executable_path/../Frameworks",
				);
				MACOSX_DEPLOYMENT_TARGET = 11.0;
				PRODUCT_BUNDLE_IDENTIFIER = "io.roughgears.Deadlock-Club";
				PRODUCT_NAME = "Deadlock Club";
				SDKROOT = macosx;
				SWIFT_VERSION = 5.0;
			};
			name = Debug;
		};
		4D336D5425DE9FE300D6E13B /* Release */ = {
			isa = XCBuildConfiguration;
			buildSettings = {
				ASSETCATALOG_COMPILER_APPICON_NAME = AppIcon;
				ASSETCATALOG_COMPILER_GLOBAL_ACCENT_COLOR_NAME = AccentColor;
				CODE_SIGN_ENTITLEMENTS = macOS/macOS.entitlements;
				CODE_SIGN_STYLE = Automatic;
				COMBINE_HIDPI_IMAGES = YES;
				ENABLE_PREVIEWS = YES;
				INFOPLIST_FILE = macOS/Info.plist;
				LD_RUNPATH_SEARCH_PATHS = (
					"$(inherited)",
					"@executable_path/../Frameworks",
				);
				MACOSX_DEPLOYMENT_TARGET = 11.0;
				PRODUCT_BUNDLE_IDENTIFIER = "io.roughgears.Deadlock-Club";
				PRODUCT_NAME = "Deadlock Club";
				SDKROOT = macosx;
				SWIFT_VERSION = 5.0;
			};
			name = Release;
		};
		4D336D5625DE9FE300D6E13B /* Debug */ = {
			isa = XCBuildConfiguration;
			buildSettings = {
				ALWAYS_EMBED_SWIFT_STANDARD_LIBRARIES = YES;
				CODE_SIGN_STYLE = Automatic;
				INFOPLIST_FILE = "Tests iOS/Info.plist";
				IPHONEOS_DEPLOYMENT_TARGET = 14.4;
				LD_RUNPATH_SEARCH_PATHS = (
					"$(inherited)",
					"@executable_path/Frameworks",
					"@loader_path/Frameworks",
				);
				PRODUCT_BUNDLE_IDENTIFIER = "io.roughgears.Tests-iOS";
				PRODUCT_NAME = "$(TARGET_NAME)";
				SDKROOT = iphoneos;
				SWIFT_VERSION = 5.0;
				TARGETED_DEVICE_FAMILY = "1,2";
				TEST_TARGET_NAME = "Deadlock Club (iOS)";
			};
			name = Debug;
		};
		4D336D5725DE9FE300D6E13B /* Release */ = {
			isa = XCBuildConfiguration;
			buildSettings = {
				ALWAYS_EMBED_SWIFT_STANDARD_LIBRARIES = YES;
				CODE_SIGN_STYLE = Automatic;
				INFOPLIST_FILE = "Tests iOS/Info.plist";
				IPHONEOS_DEPLOYMENT_TARGET = 14.4;
				LD_RUNPATH_SEARCH_PATHS = (
					"$(inherited)",
					"@executable_path/Frameworks",
					"@loader_path/Frameworks",
				);
				PRODUCT_BUNDLE_IDENTIFIER = "io.roughgears.Tests-iOS";
				PRODUCT_NAME = "$(TARGET_NAME)";
				SDKROOT = iphoneos;
				SWIFT_VERSION = 5.0;
				TARGETED_DEVICE_FAMILY = "1,2";
				TEST_TARGET_NAME = "Deadlock Club (iOS)";
				VALIDATE_PRODUCT = YES;
			};
			name = Release;
		};
		4D336D5925DE9FE300D6E13B /* Debug */ = {
			isa = XCBuildConfiguration;
			buildSettings = {
				ALWAYS_EMBED_SWIFT_STANDARD_LIBRARIES = YES;
				CODE_SIGN_STYLE = Automatic;
				COMBINE_HIDPI_IMAGES = YES;
				INFOPLIST_FILE = "Tests macOS/Info.plist";
				LD_RUNPATH_SEARCH_PATHS = (
					"$(inherited)",
					"@executable_path/../Frameworks",
					"@loader_path/../Frameworks",
				);
				MACOSX_DEPLOYMENT_TARGET = 11.1;
				PRODUCT_BUNDLE_IDENTIFIER = "io.roughgears.Tests-macOS";
				PRODUCT_NAME = "$(TARGET_NAME)";
				SDKROOT = macosx;
				SWIFT_VERSION = 5.0;
				TEST_TARGET_NAME = "Deadlock Club (macOS)";
			};
			name = Debug;
		};
		4D336D5A25DE9FE300D6E13B /* Release */ = {
			isa = XCBuildConfiguration;
			buildSettings = {
				ALWAYS_EMBED_SWIFT_STANDARD_LIBRARIES = YES;
				CODE_SIGN_STYLE = Automatic;
				COMBINE_HIDPI_IMAGES = YES;
				INFOPLIST_FILE = "Tests macOS/Info.plist";
				LD_RUNPATH_SEARCH_PATHS = (
					"$(inherited)",
					"@executable_path/../Frameworks",
					"@loader_path/../Frameworks",
				);
				MACOSX_DEPLOYMENT_TARGET = 11.1;
				PRODUCT_BUNDLE_IDENTIFIER = "io.roughgears.Tests-macOS";
				PRODUCT_NAME = "$(TARGET_NAME)";
				SDKROOT = macosx;
				SWIFT_VERSION = 5.0;
				TEST_TARGET_NAME = "Deadlock Club (macOS)";
			};
			name = Release;
		};
/* End XCBuildConfiguration section */

/* Begin XCConfigurationList section */
		4D336D1525DE9FE300D6E13B /* Build configuration list for PBXProject "Deadlock Club" */ = {
			isa = XCConfigurationList;
			buildConfigurations = (
				4D336D4D25DE9FE300D6E13B /* Debug */,
				4D336D4E25DE9FE300D6E13B /* Release */,
			);
			defaultConfigurationIsVisible = 0;
			defaultConfigurationName = Release;
		};
		4D336D4F25DE9FE300D6E13B /* Build configuration list for PBXNativeTarget "Deadlock Club (iOS)" */ = {
			isa = XCConfigurationList;
			buildConfigurations = (
				4D336D5025DE9FE300D6E13B /* Debug */,
				4D336D5125DE9FE300D6E13B /* Release */,
			);
			defaultConfigurationIsVisible = 0;
			defaultConfigurationName = Release;
		};
		4D336D5225DE9FE300D6E13B /* Build configuration list for PBXNativeTarget "Deadlock Club (macOS)" */ = {
			isa = XCConfigurationList;
			buildConfigurations = (
				4D336D5325DE9FE300D6E13B /* Debug */,
				4D336D5425DE9FE300D6E13B /* Release */,
			);
			defaultConfigurationIsVisible = 0;
			defaultConfigurationName = Release;
		};
		4D336D5525DE9FE300D6E13B /* Build configuration list for PBXNativeTarget "Tests iOS" */ = {
			isa = XCConfigurationList;
			buildConfigurations = (
				4D336D5625DE9FE300D6E13B /* Debug */,
				4D336D5725DE9FE300D6E13B /* Release */,
			);
			defaultConfigurationIsVisible = 0;
			defaultConfigurationName = Release;
		};
		4D336D5825DE9FE300D6E13B /* Build configuration list for PBXNativeTarget "Tests macOS" */ = {
			isa = XCConfigurationList;
			buildConfigurations = (
				4D336D5925DE9FE300D6E13B /* Debug */,
				4D336D5A25DE9FE300D6E13B /* Release */,
			);
			defaultConfigurationIsVisible = 0;
			defaultConfigurationName = Release;
		};
/* End XCConfigurationList section */

/* Begin XCVersionGroup section */
		4D336D1725DE9FE300D6E13B /* Deadlock_Club.xcdatamodeld */ = {
			isa = XCVersionGroup;
			children = (
				4D336D1825DE9FE300D6E13B /* Shared.xcdatamodel */,
			);
			currentVersion = 4D336D1825DE9FE300D6E13B /* Shared.xcdatamodel */;
			path = Deadlock_Club.xcdatamodeld;
			sourceTree = "<group>";
			versionGroupType = wrapper.xcdatamodel;
		};
/* End XCVersionGroup section */
	};
	rootObject = 4D336D1225DE9FE300D6E13B /* Project object */;
}
